
Microsoft Visual Studio Solution File, Format Version 12.00
# Visual Studio Version 16
VisualStudioVersion = 16.0.31729.503
MinimumVisualStudioVersion = 10.0.40219.1
Project("{FAE04EC0-301F-11D3-BF4B-00C04F79EFBC}") = "Roarshin.CommonTools", "Roarshin.CommonTools\Roarshin.CommonTools.csproj", "{A5EE3101-E6A1-40AF-8C0E-08AF4D557D89}"
EndProject
Project("{FAE04EC0-301F-11D3-BF4B-00C04F79EFBC}") = "Roarshin.CommonTools.DependencyInjection", "Roarshin.CommonTools.DependencyInjection\Roarshin.CommonTools.DependencyInjection.csproj", "{7000B77D-7F9F-4764-AF31-11C632F8D9F8}"
EndProject
Project("{FAE04EC0-301F-11D3-BF4B-00C04F79EFBC}") = "Roarshin.CommonTools.WebTests", "Roarshin.CommonTools.WebTests\Roarshin.CommonTools.WebTests.csproj", "{4791C040-1523-4411-A5F8-D525A426643A}"
EndProject
Global
	GlobalSection(SolutionConfigurationPlatforms) = preSolution
		Debug|Any CPU = Debug|Any CPU
		Release|Any CPU = Release|Any CPU
	EndGlobalSection
	GlobalSection(ProjectConfigurationPlatforms) = postSolution
		{A5EE3101-E6A1-40AF-8C0E-08AF4D557D89}.Debug|Any CPU.ActiveCfg = Debug|Any CPU
		{A5EE3101-E6A1-40AF-8C0E-08AF4D557D89}.Debug|Any CPU.Build.0 = Debug|Any CPU
		{A5EE3101-E6A1-40AF-8C0E-08AF4D557D89}.Release|Any CPU.ActiveCfg = Release|Any CPU
		{A5EE3101-E6A1-40AF-8C0E-08AF4D557D89}.Release|Any CPU.Build.0 = Release|Any CPU
		{7000B77D-7F9F-4764-AF31-11C632F8D9F8}.Debug|Any CPU.ActiveCfg = Debug|Any CPU
		{7000B77D-7F9F-4764-AF31-11C632F8D9F8}.Debug|Any CPU.Build.0 = Debug|Any CPU
		{7000B77D-7F9F-4764-AF31-11C632F8D9F8}.Release|Any CPU.ActiveCfg = Release|Any CPU
		{7000B77D-7F9F-4764-AF31-11C632F8D9F8}.Release|Any CPU.Build.0 = Release|Any CPU
		{4791C040-1523-4411-A5F8-D525A426643A}.Debug|Any CPU.ActiveCfg = Debug|Any CPU
		{4791C040-1523-4411-A5F8-D525A426643A}.Debug|Any CPU.Build.0 = Debug|Any CPU
		{4791C040-1523-4411-A5F8-D525A426643A}.Release|Any CPU.ActiveCfg = Release|Any CPU
		{4791C040-1523-4411-A5F8-D525A426643A}.Release|Any CPU.Build.0 = Release|Any CPU
	EndGlobalSection
	GlobalSection(SolutionProperties) = preSolution
		HideSolutionNode = FALSE
	EndGlobalSection
	GlobalSection(ExtensibilityGlobals) = postSolution
		SolutionGuid = {82D43B26-01EC-4818-B6AF-3EA17A34D29B}
	EndGlobalSection
EndGlobal
